
Microsoft Visual Studio Solution File, Format Version 12.00
# Visual Studio Version 17
VisualStudioVersion = 17.0.31903.59
MinimumVisualStudioVersion = 10.0.40219.1
Project("{2150E333-8FDC-42A3-9474-1A3956D46DE8}") = "src", "src", "{829F45D1-312B-4EAD-860D-1C5B647D6C6B}"
EndProject
Project("{2150E333-8FDC-42A3-9474-1A3956D46DE8}") = "tests", "tests", "{5546EEF6-4358-4F5C-9B49-571E6AE249BD}"
EndProject
Project("{FAE04EC0-301F-11D3-BF4B-00C04F79EFBC}") = "EFCore.Migrations.AutoComments", "src\EFCore.Migrations.AutoComments\EFCore.Migrations.AutoComments.csproj", "{097178DC-FC8D-4194-8C6A-2EC527EEADCC}"
EndProject
Project("{FAE04EC0-301F-11D3-BF4B-00C04F79EFBC}") = "EFCore.Migrations.AutoComments.Tests", "tests\EFCore.Migrations.AutoComments.Tests\EFCore.Migrations.AutoComments.Tests.csproj", "{E1F85E1D-A4C9-45E3-AEC1-6899F5D690CA}"
EndProject
Global
	GlobalSection(SolutionConfigurationPlatforms) = preSolution
		Debug|Any CPU = Debug|Any CPU
		Release|Any CPU = Release|Any CPU
	EndGlobalSection
	GlobalSection(SolutionProperties) = preSolution
		HideSolutionNode = FALSE
	EndGlobalSection
	GlobalSection(NestedProjects) = preSolution
		{097178DC-FC8D-4194-8C6A-2EC527EEADCC} = {829F45D1-312B-4EAD-860D-1C5B647D6C6B}
		{E1F85E1D-A4C9-45E3-AEC1-6899F5D690CA} = {5546EEF6-4358-4F5C-9B49-571E6AE249BD}
	EndGlobalSection
	GlobalSection(ProjectConfigurationPlatforms) = postSolution
		{097178DC-FC8D-4194-8C6A-2EC527EEADCC}.Debug|Any CPU.ActiveCfg = Debug|Any CPU
		{097178DC-FC8D-4194-8C6A-2EC527EEADCC}.Debug|Any CPU.Build.0 = Debug|Any CPU
		{097178DC-FC8D-4194-8C6A-2EC527EEADCC}.Release|Any CPU.ActiveCfg = Release|Any CPU
		{097178DC-FC8D-4194-8C6A-2EC527EEADCC}.Release|Any CPU.Build.0 = Release|Any CPU
		{E1F85E1D-A4C9-45E3-AEC1-6899F5D690CA}.Debug|Any CPU.ActiveCfg = Debug|Any CPU
		{E1F85E1D-A4C9-45E3-AEC1-6899F5D690CA}.Debug|Any CPU.Build.0 = Debug|Any CPU
		{E1F85E1D-A4C9-45E3-AEC1-6899F5D690CA}.Release|Any CPU.ActiveCfg = Release|Any CPU
		{E1F85E1D-A4C9-45E3-AEC1-6899F5D690CA}.Release|Any CPU.Build.0 = Release|Any CPU
	EndGlobalSection
EndGlobal
